
Microsoft Visual Studio Solution File, Format Version 12.00
# Visual Studio 15
VisualStudioVersion = 15.0.26730.15
MinimumVisualStudioVersion = 10.0.40219.1
Project("{FAE04EC0-301F-11D3-BF4B-00C04F79EFBC}") = "Sports.DataAccess", "Sports.DataAccess\Sports.DataAccess.csproj", "{36891BFA-8AB4-4EC1-B66D-418941FC0162}"
EndProject
Project("{FAE04EC0-301F-11D3-BF4B-00C04F79EFBC}") = "Sports.Business", "Sports.Business\Sports.Business.csproj", "{4E836CD3-AC1D-4C45-87E8-2D3B72641B51}"
EndProject
Project("{FAE04EC0-301F-11D3-BF4B-00C04F79EFBC}") = "Sports.Website", "Sports.Website\Sports.Website.csproj", "{22FC8C7F-C3B3-46E0-B47D-1CB3950D80CE}"
EndProject
Project("{FAE04EC0-301F-11D3-BF4B-00C04F79EFBC}") = "Sports.WebsiteTest", "Sports.WebsiteTest\Sports.WebsiteTest.csproj", "{57CEB8E3-C63F-4741-9696-0B56983FADA1}"
EndProject
Project("{FAE04EC0-301F-11D3-BF4B-00C04F79EFBC}") = "Sports.Business.Test", "Sports.Business.Test\Sports.Business.Test.csproj", "{9051B06F-0AB6-4D53-AB6D-B77124255328}"
EndProject
Project("{FAE04EC0-301F-11D3-BF4B-00C04F79EFBC}") = "Sports.Timing", "Sports.Timing\Sports.Timing.csproj", "{4EA3CED2-18DD-45A0-8D24-6B5496AE7675}"
EndProject
Project("{2150E333-8FDC-42A3-9474-1A3956D46DE8}") = "Data Management(Website)", "Data Management(Website)", "{D35EC572-4AC1-4CD6-B69F-986ADB71FDB0}"
EndProject
Project("{2150E333-8FDC-42A3-9474-1A3956D46DE8}") = "Consoles", "Consoles", "{0C18B8E2-FEE8-4205-8E5F-493B1C56878E}"
EndProject
Project("{FAE04EC0-301F-11D3-BF4B-00C04F79EFBC}") = "Sports.Race.Console", "Sports.Race.Console\Sports.Race.Console.csproj", "{3C2FE7E5-875C-4697-881C-1AE7CFBF5DB1}"
EndProject
Project("{FAE04EC0-301F-11D3-BF4B-00C04F79EFBC}") = "Sports.Wpf.Common", "Sports.Wpf.Common\Sports.Wpf.Common.csproj", "{E3B1B6DB-EC2B-4B78-920C-1BD23061F402}"
EndProject
Project("{FAE04EC0-301F-11D3-BF4B-00C04F79EFBC}") = "Sports.Common", "Sports.Common\Sports.Common.csproj", "{F437219B-0600-462F-9B72-3846B7CB769B}"
EndProject
Project("{2150E333-8FDC-42A3-9474-1A3956D46DE8}") = "Assemblies", "Assemblies", "{1ECFAA21-1675-4432-A7CF-4D5478E8A43C}"
EndProject
Project("{FAE04EC0-301F-11D3-BF4B-00C04F79EFBC}") = "Sports.Common.Test", "Sports.Common.Test\Sports.Common.Test.csproj", "{DB983FD7-0A66-4908-A8AB-3851B956ED93}"
EndProject
Project("{2150E333-8FDC-42A3-9474-1A3956D46DE8}") = "Utilities", "Utilities", "{B8088C52-6A8B-4833-95D4-AAAA31F9AD72}"
EndProject
Project("{FAE04EC0-301F-11D3-BF4B-00C04F79EFBC}") = "Sports.Listener", "Sports.Listener\Sports.Listener.csproj", "{220FCA54-2190-4EF6-8C5B-46B0495E4108}"
EndProject
Project("{FAE04EC0-301F-11D3-BF4B-00C04F79EFBC}") = "Sports.CodeGenerator", "Sports.CodeGenerator\Sports.CodeGenerator.csproj", "{9BC8B37D-A932-49DD-B6CF-D4B077594191}"
EndProject
Project("{FAE04EC0-301F-11D3-BF4B-00C04F79EFBC}") = "Sports.Referee.Console", "Sports.Referee.Console\Sports.Referee.Console.csproj", "{0A0130E4-D3D1-4F79-9E81-1CEBF62FF63A}"
EndProject
Project("{FAE04EC0-301F-11D3-BF4B-00C04F79EFBC}") = "Sports.ConfigurationGenerator", "Sports.ConfigurationGenerator\Sports.ConfigurationGenerator.csproj", "{CE754EAF-0F01-41FA-BE73-FB22A4CCCE94}"
EndProject
Project("{FAE04EC0-301F-11D3-BF4B-00C04F79EFBC}") = "Sports.Display.Console", "Sports.Display.Console\Sports.Display.Console.csproj", "{DCC91BF8-C38C-4033-9A36-05276EFF7335}"
EndProject
Project("{FAE04EC0-301F-11D3-BF4B-00C04F79EFBC}") = "Sports.Wpf.Common.Test", "Sports.Wpf.Common.Test\Sports.Wpf.Common.Test.csproj", "{A1F271EC-6E60-4149-A6A5-3E6EBC57286B}"
EndProject
Global
	GlobalSection(SolutionConfigurationPlatforms) = preSolution
		Debug|Any CPU = Debug|Any CPU
		Release|Any CPU = Release|Any CPU
	EndGlobalSection
	GlobalSection(ProjectConfigurationPlatforms) = postSolution
		{36891BFA-8AB4-4EC1-B66D-418941FC0162}.Debug|Any CPU.ActiveCfg = Debug|Any CPU
		{36891BFA-8AB4-4EC1-B66D-418941FC0162}.Debug|Any CPU.Build.0 = Debug|Any CPU
		{36891BFA-8AB4-4EC1-B66D-418941FC0162}.Release|Any CPU.ActiveCfg = Release|Any CPU
		{36891BFA-8AB4-4EC1-B66D-418941FC0162}.Release|Any CPU.Build.0 = Release|Any CPU
		{4E836CD3-AC1D-4C45-87E8-2D3B72641B51}.Debug|Any CPU.ActiveCfg = Debug|Any CPU
		{4E836CD3-AC1D-4C45-87E8-2D3B72641B51}.Debug|Any CPU.Build.0 = Debug|Any CPU
		{4E836CD3-AC1D-4C45-87E8-2D3B72641B51}.Release|Any CPU.ActiveCfg = Release|Any CPU
		{4E836CD3-AC1D-4C45-87E8-2D3B72641B51}.Release|Any CPU.Build.0 = Release|Any CPU
		{22FC8C7F-C3B3-46E0-B47D-1CB3950D80CE}.Debug|Any CPU.ActiveCfg = Debug|Any CPU
		{22FC8C7F-C3B3-46E0-B47D-1CB3950D80CE}.Debug|Any CPU.Build.0 = Debug|Any CPU
		{22FC8C7F-C3B3-46E0-B47D-1CB3950D80CE}.Release|Any CPU.ActiveCfg = Release|Any CPU
		{22FC8C7F-C3B3-46E0-B47D-1CB3950D80CE}.Release|Any CPU.Build.0 = Release|Any CPU
		{57CEB8E3-C63F-4741-9696-0B56983FADA1}.Debug|Any CPU.ActiveCfg = Debug|Any CPU
		{57CEB8E3-C63F-4741-9696-0B56983FADA1}.Debug|Any CPU.Build.0 = Debug|Any CPU
		{57CEB8E3-C63F-4741-9696-0B56983FADA1}.Release|Any CPU.ActiveCfg = Release|Any CPU
		{57CEB8E3-C63F-4741-9696-0B56983FADA1}.Release|Any CPU.Build.0 = Release|Any CPU
		{9051B06F-0AB6-4D53-AB6D-B77124255328}.Debug|Any CPU.ActiveCfg = Debug|Any CPU
		{9051B06F-0AB6-4D53-AB6D-B77124255328}.Debug|Any CPU.Build.0 = Debug|Any CPU
		{9051B06F-0AB6-4D53-AB6D-B77124255328}.Release|Any CPU.ActiveCfg = Release|Any CPU
		{9051B06F-0AB6-4D53-AB6D-B77124255328}.Release|Any CPU.Build.0 = Release|Any CPU
		{4EA3CED2-18DD-45A0-8D24-6B5496AE7675}.Debug|Any CPU.ActiveCfg = Debug|Any CPU
		{4EA3CED2-18DD-45A0-8D24-6B5496AE7675}.Debug|Any CPU.Build.0 = Debug|Any CPU
		{4EA3CED2-18DD-45A0-8D24-6B5496AE7675}.Release|Any CPU.ActiveCfg = Release|Any CPU
		{4EA3CED2-18DD-45A0-8D24-6B5496AE7675}.Release|Any CPU.Build.0 = Release|Any CPU
		{3C2FE7E5-875C-4697-881C-1AE7CFBF5DB1}.Debug|Any CPU.ActiveCfg = Debug|Any CPU
		{3C2FE7E5-875C-4697-881C-1AE7CFBF5DB1}.Debug|Any CPU.Build.0 = Debug|Any CPU
		{3C2FE7E5-875C-4697-881C-1AE7CFBF5DB1}.Release|Any CPU.ActiveCfg = Release|Any CPU
		{3C2FE7E5-875C-4697-881C-1AE7CFBF5DB1}.Release|Any CPU.Build.0 = Release|Any CPU
		{E3B1B6DB-EC2B-4B78-920C-1BD23061F402}.Debug|Any CPU.ActiveCfg = Debug|Any CPU
		{E3B1B6DB-EC2B-4B78-920C-1BD23061F402}.Debug|Any CPU.Build.0 = Debug|Any CPU
		{E3B1B6DB-EC2B-4B78-920C-1BD23061F402}.Release|Any CPU.ActiveCfg = Release|Any CPU
		{E3B1B6DB-EC2B-4B78-920C-1BD23061F402}.Release|Any CPU.Build.0 = Release|Any CPU
		{F437219B-0600-462F-9B72-3846B7CB769B}.Debug|Any CPU.ActiveCfg = Debug|Any CPU
		{F437219B-0600-462F-9B72-3846B7CB769B}.Debug|Any CPU.Build.0 = Debug|Any CPU
		{F437219B-0600-462F-9B72-3846B7CB769B}.Release|Any CPU.ActiveCfg = Release|Any CPU
		{F437219B-0600-462F-9B72-3846B7CB769B}.Release|Any CPU.Build.0 = Release|Any CPU
		{DB983FD7-0A66-4908-A8AB-3851B956ED93}.Debug|Any CPU.ActiveCfg = Debug|Any CPU
		{DB983FD7-0A66-4908-A8AB-3851B956ED93}.Debug|Any CPU.Build.0 = Debug|Any CPU
		{DB983FD7-0A66-4908-A8AB-3851B956ED93}.Release|Any CPU.ActiveCfg = Release|Any CPU
		{DB983FD7-0A66-4908-A8AB-3851B956ED93}.Release|Any CPU.Build.0 = Release|Any CPU
		{220FCA54-2190-4EF6-8C5B-46B0495E4108}.Debug|Any CPU.ActiveCfg = Debug|Any CPU
		{220FCA54-2190-4EF6-8C5B-46B0495E4108}.Debug|Any CPU.Build.0 = Debug|Any CPU
		{220FCA54-2190-4EF6-8C5B-46B0495E4108}.Release|Any CPU.ActiveCfg = Release|Any CPU
		{220FCA54-2190-4EF6-8C5B-46B0495E4108}.Release|Any CPU.Build.0 = Release|Any CPU
		{9BC8B37D-A932-49DD-B6CF-D4B077594191}.Debug|Any CPU.ActiveCfg = Debug|Any CPU
		{9BC8B37D-A932-49DD-B6CF-D4B077594191}.Debug|Any CPU.Build.0 = Debug|Any CPU
		{9BC8B37D-A932-49DD-B6CF-D4B077594191}.Release|Any CPU.ActiveCfg = Release|Any CPU
		{9BC8B37D-A932-49DD-B6CF-D4B077594191}.Release|Any CPU.Build.0 = Release|Any CPU
		{0A0130E4-D3D1-4F79-9E81-1CEBF62FF63A}.Debug|Any CPU.ActiveCfg = Debug|Any CPU
		{0A0130E4-D3D1-4F79-9E81-1CEBF62FF63A}.Debug|Any CPU.Build.0 = Debug|Any CPU
		{0A0130E4-D3D1-4F79-9E81-1CEBF62FF63A}.Release|Any CPU.ActiveCfg = Release|Any CPU
		{0A0130E4-D3D1-4F79-9E81-1CEBF62FF63A}.Release|Any CPU.Build.0 = Release|Any CPU
		{CE754EAF-0F01-41FA-BE73-FB22A4CCCE94}.Debug|Any CPU.ActiveCfg = Debug|Any CPU
		{CE754EAF-0F01-41FA-BE73-FB22A4CCCE94}.Debug|Any CPU.Build.0 = Debug|Any CPU
		{CE754EAF-0F01-41FA-BE73-FB22A4CCCE94}.Release|Any CPU.ActiveCfg = Release|Any CPU
		{CE754EAF-0F01-41FA-BE73-FB22A4CCCE94}.Release|Any CPU.Build.0 = Release|Any CPU
		{DCC91BF8-C38C-4033-9A36-05276EFF7335}.Debug|Any CPU.ActiveCfg = Debug|Any CPU
		{DCC91BF8-C38C-4033-9A36-05276EFF7335}.Debug|Any CPU.Build.0 = Debug|Any CPU
		{DCC91BF8-C38C-4033-9A36-05276EFF7335}.Release|Any CPU.ActiveCfg = Release|Any CPU
		{DCC91BF8-C38C-4033-9A36-05276EFF7335}.Release|Any CPU.Build.0 = Release|Any CPU
		{A1F271EC-6E60-4149-A6A5-3E6EBC57286B}.Debug|Any CPU.ActiveCfg = Debug|Any CPU
		{A1F271EC-6E60-4149-A6A5-3E6EBC57286B}.Debug|Any CPU.Build.0 = Debug|Any CPU
		{A1F271EC-6E60-4149-A6A5-3E6EBC57286B}.Release|Any CPU.ActiveCfg = Release|Any CPU
		{A1F271EC-6E60-4149-A6A5-3E6EBC57286B}.Release|Any CPU.Build.0 = Release|Any CPU
	EndGlobalSection
	GlobalSection(SolutionProperties) = preSolution
		HideSolutionNode = FALSE
	EndGlobalSection
	GlobalSection(NestedProjects) = preSolution
		{36891BFA-8AB4-4EC1-B66D-418941FC0162} = {1ECFAA21-1675-4432-A7CF-4D5478E8A43C}
		{4E836CD3-AC1D-4C45-87E8-2D3B72641B51} = {1ECFAA21-1675-4432-A7CF-4D5478E8A43C}
		{22FC8C7F-C3B3-46E0-B47D-1CB3950D80CE} = {D35EC572-4AC1-4CD6-B69F-986ADB71FDB0}
		{57CEB8E3-C63F-4741-9696-0B56983FADA1} = {D35EC572-4AC1-4CD6-B69F-986ADB71FDB0}
		{9051B06F-0AB6-4D53-AB6D-B77124255328} = {1ECFAA21-1675-4432-A7CF-4D5478E8A43C}
		{4EA3CED2-18DD-45A0-8D24-6B5496AE7675} = {1ECFAA21-1675-4432-A7CF-4D5478E8A43C}
		{3C2FE7E5-875C-4697-881C-1AE7CFBF5DB1} = {0C18B8E2-FEE8-4205-8E5F-493B1C56878E}
		{E3B1B6DB-EC2B-4B78-920C-1BD23061F402} = {1ECFAA21-1675-4432-A7CF-4D5478E8A43C}
		{F437219B-0600-462F-9B72-3846B7CB769B} = {1ECFAA21-1675-4432-A7CF-4D5478E8A43C}
		{DB983FD7-0A66-4908-A8AB-3851B956ED93} = {1ECFAA21-1675-4432-A7CF-4D5478E8A43C}
		{220FCA54-2190-4EF6-8C5B-46B0495E4108} = {B8088C52-6A8B-4833-95D4-AAAA31F9AD72}
		{9BC8B37D-A932-49DD-B6CF-D4B077594191} = {B8088C52-6A8B-4833-95D4-AAAA31F9AD72}
		{0A0130E4-D3D1-4F79-9E81-1CEBF62FF63A} = {0C18B8E2-FEE8-4205-8E5F-493B1C56878E}
		{CE754EAF-0F01-41FA-BE73-FB22A4CCCE94} = {B8088C52-6A8B-4833-95D4-AAAA31F9AD72}
		{DCC91BF8-C38C-4033-9A36-05276EFF7335} = {0C18B8E2-FEE8-4205-8E5F-493B1C56878E}
		{A1F271EC-6E60-4149-A6A5-3E6EBC57286B} = {1ECFAA21-1675-4432-A7CF-4D5478E8A43C}
	EndGlobalSection
	GlobalSection(ExtensibilityGlobals) = postSolution
		SolutionGuid = {0CABC599-4628-49DE-ACC6-BC031BABB44D}
	EndGlobalSection
EndGlobal
